
Microsoft Visual Studio Solution File, Format Version 12.00
# Visual Studio Version 16
VisualStudioVersion = 16.0.31515.178
MinimumVisualStudioVersion = 10.0.40219.1
Project("{9A19103F-16F7-4668-BE54-9A1E7A4F7556}") = "Api", "Api\Api.csproj", "{5FF3F81A-F3F4-44E7-97B3-421E479FD90B}"
EndProject
Project("{9A19103F-16F7-4668-BE54-9A1E7A4F7556}") = "Domain", "Domain\Domain.csproj", "{4E473A2E-69C3-4BD9-B752-85C3566C5C97}"
EndProject
Project("{9A19103F-16F7-4668-BE54-9A1E7A4F7556}") = "Persistance", "Persistance\Persistance.csproj", "{1B759B6F-A19D-478A-902B-272BFB526779}"
EndProject
Project("{9A19103F-16F7-4668-BE54-9A1E7A4F7556}") = "Application", "Application\Application.csproj", "{C58A5BA9-8C48-41B6-8026-A568ED1EFAB9}"
EndProject
Project("{9A19103F-16F7-4668-BE54-9A1E7A4F7556}") = "Dependencies", "Dependencies\Dependencies.csproj", "{8D4300A2-07AF-4264-B45D-AC6C4D4703D3}"
EndProject
Global
	GlobalSection(SolutionConfigurationPlatforms) = preSolution
		Debug|Any CPU = Debug|Any CPU
		Release|Any CPU = Release|Any CPU
	EndGlobalSection
	GlobalSection(ProjectConfigurationPlatforms) = postSolution
		{5FF3F81A-F3F4-44E7-97B3-421E479FD90B}.Debug|Any CPU.ActiveCfg = Debug|Any CPU
		{5FF3F81A-F3F4-44E7-97B3-421E479FD90B}.Debug|Any CPU.Build.0 = Debug|Any CPU
		{5FF3F81A-F3F4-44E7-97B3-421E479FD90B}.Release|Any CPU.ActiveCfg = Release|Any CPU
		{5FF3F81A-F3F4-44E7-97B3-421E479FD90B}.Release|Any CPU.Build.0 = Release|Any CPU
		{4E473A2E-69C3-4BD9-B752-85C3566C5C97}.Debug|Any CPU.ActiveCfg = Debug|Any CPU
		{4E473A2E-69C3-4BD9-B752-85C3566C5C97}.Debug|Any CPU.Build.0 = Debug|Any CPU
		{4E473A2E-69C3-4BD9-B752-85C3566C5C97}.Release|Any CPU.ActiveCfg = Release|Any CPU
		{4E473A2E-69C3-4BD9-B752-85C3566C5C97}.Release|Any CPU.Build.0 = Release|Any CPU
		{1B759B6F-A19D-478A-902B-272BFB526779}.Debug|Any CPU.ActiveCfg = Debug|Any CPU
		{1B759B6F-A19D-478A-902B-272BFB526779}.Debug|Any CPU.Build.0 = Debug|Any CPU
		{1B759B6F-A19D-478A-902B-272BFB526779}.Release|Any CPU.ActiveCfg = Release|Any CPU
		{1B759B6F-A19D-478A-902B-272BFB526779}.Release|Any CPU.Build.0 = Release|Any CPU
		{C58A5BA9-8C48-41B6-8026-A568ED1EFAB9}.Debug|Any CPU.ActiveCfg = Debug|Any CPU
		{C58A5BA9-8C48-41B6-8026-A568ED1EFAB9}.Debug|Any CPU.Build.0 = Debug|Any CPU
		{C58A5BA9-8C48-41B6-8026-A568ED1EFAB9}.Release|Any CPU.ActiveCfg = Release|Any CPU
		{C58A5BA9-8C48-41B6-8026-A568ED1EFAB9}.Release|Any CPU.Build.0 = Release|Any CPU
		{8D4300A2-07AF-4264-B45D-AC6C4D4703D3}.Debug|Any CPU.ActiveCfg = Debug|Any CPU
		{8D4300A2-07AF-4264-B45D-AC6C4D4703D3}.Debug|Any CPU.Build.0 = Debug|Any CPU
		{8D4300A2-07AF-4264-B45D-AC6C4D4703D3}.Release|Any CPU.ActiveCfg = Release|Any CPU
		{8D4300A2-07AF-4264-B45D-AC6C4D4703D3}.Release|Any CPU.Build.0 = Release|Any CPU
	EndGlobalSection
	GlobalSection(SolutionProperties) = preSolution
		HideSolutionNode = FALSE
	EndGlobalSection
	GlobalSection(ExtensibilityGlobals) = postSolution
		SolutionGuid = {90AFB41D-3B5B-4163-8E16-A8999DEB7322}
	EndGlobalSection
EndGlobal
